
Microsoft Visual Studio Solution File, Format Version 12.00
Project("{FAE04EC0-301F-11D3-BF4B-00C04F79EFBC}") = "CulinaryBookApp", "CulinaryBookApp\CulinaryBookApp.csproj", "{87E2C9CC-6122-4738-B0BD-19DEBD7A4EB9}"
EndProject
Global
	GlobalSection(SolutionConfigurationPlatforms) = preSolution
		Debug|Any CPU = Debug|Any CPU
		Release|Any CPU = Release|Any CPU
	EndGlobalSection
	GlobalSection(ProjectConfigurationPlatforms) = postSolution
		{87E2C9CC-6122-4738-B0BD-19DEBD7A4EB9}.Debug|Any CPU.ActiveCfg = Debug|Any CPU
		{87E2C9CC-6122-4738-B0BD-19DEBD7A4EB9}.Debug|Any CPU.Build.0 = Debug|Any CPU
		{87E2C9CC-6122-4738-B0BD-19DEBD7A4EB9}.Release|Any CPU.ActiveCfg = Release|Any CPU
		{87E2C9CC-6122-4738-B0BD-19DEBD7A4EB9}.Release|Any CPU.Build.0 = Release|Any CPU
	EndGlobalSection
EndGlobal
